
Microsoft Visual Studio Solution File, Format Version 12.00
# Visual Studio 2017
Project("{FAE04EC0-301F-11D3-BF4B-00C04F79EFBC}") = "FutureGame", "FutureGame.csproj", "{D10E29FD-5FBB-3556-B45B-74918A318B70}"
EndProject
Global
	GlobalSection(SolutionConfigurationPlatforms) = preSolution
		Debug|Any CPU = Debug|Any CPU
		Release|Any CPU = Release|Any CPU
	EndGlobalSection
	GlobalSection(ProjectConfigurationPlatforms) = postSolution
		{D10E29FD-5FBB-3556-B45B-74918A318B70}.Debug|Any CPU.ActiveCfg = Debug|Any CPU
		{D10E29FD-5FBB-3556-B45B-74918A318B70}.Debug|Any CPU.Build.0 = Debug|Any CPU
		{D10E29FD-5FBB-3556-B45B-74918A318B70}.Release|Any CPU.ActiveCfg = Release|Any CPU
		{D10E29FD-5FBB-3556-B45B-74918A318B70}.Release|Any CPU.Build.0 = Release|Any CPU
	EndGlobalSection
	GlobalSection(SolutionProperties) = preSolution
		HideSolutionNode = FALSE
	EndGlobalSection
EndGlobal
