
Microsoft Visual Studio Solution File, Format Version 11.00
# Visual Studio 2010
Project("{FAE04EC0-301F-11D3-BF4B-00C04F79EFBC}") = "FutureGame", "Assembly-CSharp.csproj", "{DE813F84-4091-C916-7389-2F90C6F1D190}"
EndProject
Global
	GlobalSection(SolutionConfigurationPlatforms) = preSolution
		Debug|Any CPU = Debug|Any CPU
		Release|Any CPU = Release|Any CPU
	EndGlobalSection
	GlobalSection(ProjectConfigurationPlatforms) = postSolution
		{DE813F84-4091-C916-7389-2F90C6F1D190}.Debug|Any CPU.ActiveCfg = Debug|Any CPU
		{DE813F84-4091-C916-7389-2F90C6F1D190}.Debug|Any CPU.Build.0 = Debug|Any CPU
		{DE813F84-4091-C916-7389-2F90C6F1D190}.Release|Any CPU.ActiveCfg = Release|Any CPU
		{DE813F84-4091-C916-7389-2F90C6F1D190}.Release|Any CPU.Build.0 = Release|Any CPU
	EndGlobalSection
	GlobalSection(SolutionProperties) = preSolution
		HideSolutionNode = FALSE
	EndGlobalSection
	GlobalSection(MonoDevelopProperties) = preSolution
		StartupItem = Assembly-CSharp.csproj
	EndGlobalSection
EndGlobal
